
Microsoft Visual Studio Solution File, Format Version 12.00
# Visual Studio Version 17
VisualStudioVersion = 17.3.32811.315
MinimumVisualStudioVersion = 10.0.40219.1
Project("{FAE04EC0-301F-11D3-BF4B-00C04F79EFBC}") = "FilmesAPI", "WebApplication1\FilmesAPI.csproj", "{C531898C-0785-4ECA-9B35-7C411756A259}"
EndProject
Global
	GlobalSection(SolutionConfigurationPlatforms) = preSolution
		Debug|Any CPU = Debug|Any CPU
		Release|Any CPU = Release|Any CPU
	EndGlobalSection
	GlobalSection(ProjectConfigurationPlatforms) = postSolution
		{C531898C-0785-4ECA-9B35-7C411756A259}.Debug|Any CPU.ActiveCfg = Debug|Any CPU
		{C531898C-0785-4ECA-9B35-7C411756A259}.Debug|Any CPU.Build.0 = Debug|Any CPU
		{C531898C-0785-4ECA-9B35-7C411756A259}.Release|Any CPU.ActiveCfg = Release|Any CPU
		{C531898C-0785-4ECA-9B35-7C411756A259}.Release|Any CPU.Build.0 = Release|Any CPU
	EndGlobalSection
	GlobalSection(SolutionProperties) = preSolution
		HideSolutionNode = FALSE
	EndGlobalSection
	GlobalSection(ExtensibilityGlobals) = postSolution
		SolutionGuid = {EEAB05C8-BEFD-4CD6-A32C-3802573BCB7D}
	EndGlobalSection
EndGlobal
